
Microsoft Visual Studio Solution File, Format Version 12.00
# Visual Studio Version 16
VisualStudioVersion = 16.0.31313.79
MinimumVisualStudioVersion = 10.0.40219.1
Project("{9A19103F-16F7-4668-BE54-9A1E7A4F7556}") = "SyncfusionCharts", "SyncfusionCharts\SyncfusionCharts.csproj", "{9C715277-284C-4179-957A-CCCA67D6D0B3}"
EndProject
Project("{FAE04EC0-301F-11D3-BF4B-00C04F79EFBC}") = "ChartsTest", "ChartsTest\ChartsTest.csproj", "{A9E19A26-6664-4175-B866-C0172CD94AB0}"
EndProject
Global
	GlobalSection(SolutionConfigurationPlatforms) = preSolution
		Debug|Any CPU = Debug|Any CPU
		Release|Any CPU = Release|Any CPU
	EndGlobalSection
	GlobalSection(ProjectConfigurationPlatforms) = postSolution
		{9C715277-284C-4179-957A-CCCA67D6D0B3}.Debug|Any CPU.ActiveCfg = Debug|Any CPU
		{9C715277-284C-4179-957A-CCCA67D6D0B3}.Debug|Any CPU.Build.0 = Debug|Any CPU
		{9C715277-284C-4179-957A-CCCA67D6D0B3}.Release|Any CPU.ActiveCfg = Release|Any CPU
		{9C715277-284C-4179-957A-CCCA67D6D0B3}.Release|Any CPU.Build.0 = Release|Any CPU
		{A9E19A26-6664-4175-B866-C0172CD94AB0}.Debug|Any CPU.ActiveCfg = Debug|Any CPU
		{A9E19A26-6664-4175-B866-C0172CD94AB0}.Debug|Any CPU.Build.0 = Debug|Any CPU
		{A9E19A26-6664-4175-B866-C0172CD94AB0}.Release|Any CPU.ActiveCfg = Release|Any CPU
		{A9E19A26-6664-4175-B866-C0172CD94AB0}.Release|Any CPU.Build.0 = Release|Any CPU
	EndGlobalSection
	GlobalSection(SolutionProperties) = preSolution
		HideSolutionNode = FALSE
	EndGlobalSection
	GlobalSection(ExtensibilityGlobals) = postSolution
		SolutionGuid = {2D3994ED-4F0E-42B5-80FC-2ACB8C6EBFB4}
	EndGlobalSection
EndGlobal
